
Microsoft Visual Studio Solution File, Format Version 12.00
# Visual Studio Version 17
VisualStudioVersion = 17.7.34031.279
MinimumVisualStudioVersion = 10.0.40219.1
Project("{FAE04EC0-301F-11D3-BF4B-00C04F79EFBC}") = "project_5", "project_5.csproj", "{1ED5D01C-75EA-4A66-AF20-F435D2F8EDD9}"
EndProject
Global
	GlobalSection(SolutionConfigurationPlatforms) = preSolution
		Debug|Any CPU = Debug|Any CPU
		Release|Any CPU = Release|Any CPU
	EndGlobalSection
	GlobalSection(ProjectConfigurationPlatforms) = postSolution
		{1ED5D01C-75EA-4A66-AF20-F435D2F8EDD9}.Debug|Any CPU.ActiveCfg = Debug|Any CPU
		{1ED5D01C-75EA-4A66-AF20-F435D2F8EDD9}.Debug|Any CPU.Build.0 = Debug|Any CPU
		{1ED5D01C-75EA-4A66-AF20-F435D2F8EDD9}.Release|Any CPU.ActiveCfg = Release|Any CPU
		{1ED5D01C-75EA-4A66-AF20-F435D2F8EDD9}.Release|Any CPU.Build.0 = Release|Any CPU
	EndGlobalSection
	GlobalSection(SolutionProperties) = preSolution
		HideSolutionNode = FALSE
	EndGlobalSection
	GlobalSection(ExtensibilityGlobals) = postSolution
		SolutionGuid = {D6250A1E-C670-4F1F-9EEF-B7D504863604}
	EndGlobalSection
EndGlobal
