
Microsoft Visual Studio Solution File, Format Version 12.00
# Visual Studio Version 17
VisualStudioVersion = 17.7.34031.279
MinimumVisualStudioVersion = 10.0.40219.1
Project("{FAE04EC0-301F-11D3-BF4B-00C04F79EFBC}") = "project_5_1", "project_5_1.csproj", "{C9A29E73-F4E2-4112-9B9D-2DC6AD1910E8}"
EndProject
Global
	GlobalSection(SolutionConfigurationPlatforms) = preSolution
		Debug|Any CPU = Debug|Any CPU
		Release|Any CPU = Release|Any CPU
	EndGlobalSection
	GlobalSection(ProjectConfigurationPlatforms) = postSolution
		{C9A29E73-F4E2-4112-9B9D-2DC6AD1910E8}.Debug|Any CPU.ActiveCfg = Debug|Any CPU
		{C9A29E73-F4E2-4112-9B9D-2DC6AD1910E8}.Debug|Any CPU.Build.0 = Debug|Any CPU
		{C9A29E73-F4E2-4112-9B9D-2DC6AD1910E8}.Release|Any CPU.ActiveCfg = Release|Any CPU
		{C9A29E73-F4E2-4112-9B9D-2DC6AD1910E8}.Release|Any CPU.Build.0 = Release|Any CPU
	EndGlobalSection
	GlobalSection(SolutionProperties) = preSolution
		HideSolutionNode = FALSE
	EndGlobalSection
	GlobalSection(ExtensibilityGlobals) = postSolution
		SolutionGuid = {F99B1DE1-6D87-44FE-A5A0-C9BC04E8621D}
	EndGlobalSection
EndGlobal
