
Microsoft Visual Studio Solution File, Format Version 12.00
# Visual Studio Version 17
VisualStudioVersion = 17.7.34024.191
MinimumVisualStudioVersion = 10.0.40219.1
Project("{FAE04EC0-301F-11D3-BF4B-00C04F79EFBC}") = "project_3_4", "project_3_4.csproj", "{F789FA79-0BE2-4481-B2F8-7CB67F28D61B}"
EndProject
Global
	GlobalSection(SolutionConfigurationPlatforms) = preSolution
		Debug|Any CPU = Debug|Any CPU
		Release|Any CPU = Release|Any CPU
	EndGlobalSection
	GlobalSection(ProjectConfigurationPlatforms) = postSolution
		{F789FA79-0BE2-4481-B2F8-7CB67F28D61B}.Debug|Any CPU.ActiveCfg = Debug|Any CPU
		{F789FA79-0BE2-4481-B2F8-7CB67F28D61B}.Debug|Any CPU.Build.0 = Debug|Any CPU
		{F789FA79-0BE2-4481-B2F8-7CB67F28D61B}.Release|Any CPU.ActiveCfg = Release|Any CPU
		{F789FA79-0BE2-4481-B2F8-7CB67F28D61B}.Release|Any CPU.Build.0 = Release|Any CPU
	EndGlobalSection
	GlobalSection(SolutionProperties) = preSolution
		HideSolutionNode = FALSE
	EndGlobalSection
	GlobalSection(ExtensibilityGlobals) = postSolution
		SolutionGuid = {04DE7D81-F0B8-4A41-BE99-F3B8C9A22FC9}
	EndGlobalSection
EndGlobal
