
Microsoft Visual Studio Solution File, Format Version 12.00
# Visual Studio Version 17
VisualStudioVersion = 17.8.34322.80
MinimumVisualStudioVersion = 10.0.40219.1
Project("{FAE04EC0-301F-11D3-BF4B-00C04F79EFBC}") = "2_1_dziedziczenie", "2_1_dziedziczenie.csproj", "{2479211E-2DA7-4A0E-989C-55187E7B240F}"
EndProject
Global
	GlobalSection(SolutionConfigurationPlatforms) = preSolution
		Debug|Any CPU = Debug|Any CPU
		Release|Any CPU = Release|Any CPU
	EndGlobalSection
	GlobalSection(ProjectConfigurationPlatforms) = postSolution
		{2479211E-2DA7-4A0E-989C-55187E7B240F}.Debug|Any CPU.ActiveCfg = Debug|Any CPU
		{2479211E-2DA7-4A0E-989C-55187E7B240F}.Debug|Any CPU.Build.0 = Debug|Any CPU
		{2479211E-2DA7-4A0E-989C-55187E7B240F}.Release|Any CPU.ActiveCfg = Release|Any CPU
		{2479211E-2DA7-4A0E-989C-55187E7B240F}.Release|Any CPU.Build.0 = Release|Any CPU
	EndGlobalSection
	GlobalSection(SolutionProperties) = preSolution
		HideSolutionNode = FALSE
	EndGlobalSection
	GlobalSection(ExtensibilityGlobals) = postSolution
		SolutionGuid = {E1965CAD-4FB2-4DB9-BE46-AE3BD82911FA}
	EndGlobalSection
EndGlobal
