
Microsoft Visual Studio Solution File, Format Version 12.00
# Visual Studio Version 17
VisualStudioVersion = 17.8.34330.188
MinimumVisualStudioVersion = 10.0.40219.1
Project("{FAE04EC0-301F-11D3-BF4B-00C04F79EFBC}") = "9_1_slowniki", "9_1_slowniki.csproj", "{557FD2DA-AF6C-414A-9444-E6F75BDE26CA}"
EndProject
Global
	GlobalSection(SolutionConfigurationPlatforms) = preSolution
		Debug|Any CPU = Debug|Any CPU
		Release|Any CPU = Release|Any CPU
	EndGlobalSection
	GlobalSection(ProjectConfigurationPlatforms) = postSolution
		{557FD2DA-AF6C-414A-9444-E6F75BDE26CA}.Debug|Any CPU.ActiveCfg = Debug|Any CPU
		{557FD2DA-AF6C-414A-9444-E6F75BDE26CA}.Debug|Any CPU.Build.0 = Debug|Any CPU
		{557FD2DA-AF6C-414A-9444-E6F75BDE26CA}.Release|Any CPU.ActiveCfg = Release|Any CPU
		{557FD2DA-AF6C-414A-9444-E6F75BDE26CA}.Release|Any CPU.Build.0 = Release|Any CPU
	EndGlobalSection
	GlobalSection(SolutionProperties) = preSolution
		HideSolutionNode = FALSE
	EndGlobalSection
	GlobalSection(ExtensibilityGlobals) = postSolution
		SolutionGuid = {A07BCDD1-7574-4757-9268-9E2867BE1FFE}
	EndGlobalSection
EndGlobal
