
Microsoft Visual Studio Solution File, Format Version 12.00
# Visual Studio Version 17
VisualStudioVersion = 17.7.34031.279
MinimumVisualStudioVersion = 10.0.40219.1
Project("{FAE04EC0-301F-11D3-BF4B-00C04F79EFBC}") = "7_1_tablice", "7_1_tablice.csproj", "{E9739325-D3B1-4E22-B49C-AE223ACAE8EB}"
EndProject
Project("{2150E333-8FDC-42A3-9474-1A3956D46DE8}") = "Solution Items", "Solution Items", "{0FEFA55D-C993-42A6-9DBF-4FAB49938B28}"
	ProjectSection(SolutionItems) = preProject
		ex.txt = ex.txt
	EndProjectSection
EndProject
Global
	GlobalSection(SolutionConfigurationPlatforms) = preSolution
		Debug|Any CPU = Debug|Any CPU
		Release|Any CPU = Release|Any CPU
	EndGlobalSection
	GlobalSection(ProjectConfigurationPlatforms) = postSolution
		{E9739325-D3B1-4E22-B49C-AE223ACAE8EB}.Debug|Any CPU.ActiveCfg = Debug|Any CPU
		{E9739325-D3B1-4E22-B49C-AE223ACAE8EB}.Debug|Any CPU.Build.0 = Debug|Any CPU
		{E9739325-D3B1-4E22-B49C-AE223ACAE8EB}.Release|Any CPU.ActiveCfg = Release|Any CPU
		{E9739325-D3B1-4E22-B49C-AE223ACAE8EB}.Release|Any CPU.Build.0 = Release|Any CPU
	EndGlobalSection
	GlobalSection(SolutionProperties) = preSolution
		HideSolutionNode = FALSE
	EndGlobalSection
	GlobalSection(ExtensibilityGlobals) = postSolution
		SolutionGuid = {DB010678-E0EE-4DFE-9D5D-E723312CD4AB}
	EndGlobalSection
EndGlobal
