
Microsoft Visual Studio Solution File, Format Version 12.00
# Visual Studio Version 17
VisualStudioVersion = 17.8.34525.116
MinimumVisualStudioVersion = 10.0.40219.1
Project("{FAE04EC0-301F-11D3-BF4B-00C04F79EFBC}") = "4_konstruktory", "4_konstruktory.csproj", "{412D5E96-E692-4EB6-A01B-B32B5666902E}"
EndProject
Global
	GlobalSection(SolutionConfigurationPlatforms) = preSolution
		Debug|Any CPU = Debug|Any CPU
		Release|Any CPU = Release|Any CPU
	EndGlobalSection
	GlobalSection(ProjectConfigurationPlatforms) = postSolution
		{412D5E96-E692-4EB6-A01B-B32B5666902E}.Debug|Any CPU.ActiveCfg = Debug|Any CPU
		{412D5E96-E692-4EB6-A01B-B32B5666902E}.Debug|Any CPU.Build.0 = Debug|Any CPU
		{412D5E96-E692-4EB6-A01B-B32B5666902E}.Release|Any CPU.ActiveCfg = Release|Any CPU
		{412D5E96-E692-4EB6-A01B-B32B5666902E}.Release|Any CPU.Build.0 = Release|Any CPU
	EndGlobalSection
	GlobalSection(SolutionProperties) = preSolution
		HideSolutionNode = FALSE
	EndGlobalSection
	GlobalSection(ExtensibilityGlobals) = postSolution
		SolutionGuid = {C5737A01-4658-4F34-842E-FC01C0816D7F}
	EndGlobalSection
EndGlobal
