
Microsoft Visual Studio Solution File, Format Version 12.00
# Visual Studio Version 17
VisualStudioVersion = 17.9.34616.47
MinimumVisualStudioVersion = 10.0.40219.1
Project("{FAE04EC0-301F-11D3-BF4B-00C04F79EFBC}") = "11_1_konstruktory", "11_1_konstruktory.csproj", "{DC62B5A4-1382-4FB8-AB66-63C88F965146}"
EndProject
Global
	GlobalSection(SolutionConfigurationPlatforms) = preSolution
		Debug|Any CPU = Debug|Any CPU
		Release|Any CPU = Release|Any CPU
	EndGlobalSection
	GlobalSection(ProjectConfigurationPlatforms) = postSolution
		{DC62B5A4-1382-4FB8-AB66-63C88F965146}.Debug|Any CPU.ActiveCfg = Debug|Any CPU
		{DC62B5A4-1382-4FB8-AB66-63C88F965146}.Debug|Any CPU.Build.0 = Debug|Any CPU
		{DC62B5A4-1382-4FB8-AB66-63C88F965146}.Release|Any CPU.ActiveCfg = Release|Any CPU
		{DC62B5A4-1382-4FB8-AB66-63C88F965146}.Release|Any CPU.Build.0 = Release|Any CPU
	EndGlobalSection
	GlobalSection(SolutionProperties) = preSolution
		HideSolutionNode = FALSE
	EndGlobalSection
	GlobalSection(ExtensibilityGlobals) = postSolution
		SolutionGuid = {37337D8B-5DAD-4ADE-A559-6A4269001494}
	EndGlobalSection
EndGlobal
