
Microsoft Visual Studio Solution File, Format Version 12.00
# Visual Studio Version 17
VisualStudioVersion = 17.7.34031.279
MinimumVisualStudioVersion = 10.0.40219.1
Project("{FAE04EC0-301F-11D3-BF4B-00C04F79EFBC}") = "7_tablice_1", "7_tablice_1.csproj", "{BF42AB41-C878-48CC-8FEE-9FB038BC3C95}"
EndProject
Global
	GlobalSection(SolutionConfigurationPlatforms) = preSolution
		Debug|Any CPU = Debug|Any CPU
		Release|Any CPU = Release|Any CPU
	EndGlobalSection
	GlobalSection(ProjectConfigurationPlatforms) = postSolution
		{BF42AB41-C878-48CC-8FEE-9FB038BC3C95}.Debug|Any CPU.ActiveCfg = Debug|Any CPU
		{BF42AB41-C878-48CC-8FEE-9FB038BC3C95}.Debug|Any CPU.Build.0 = Debug|Any CPU
		{BF42AB41-C878-48CC-8FEE-9FB038BC3C95}.Release|Any CPU.ActiveCfg = Release|Any CPU
		{BF42AB41-C878-48CC-8FEE-9FB038BC3C95}.Release|Any CPU.Build.0 = Release|Any CPU
	EndGlobalSection
	GlobalSection(SolutionProperties) = preSolution
		HideSolutionNode = FALSE
	EndGlobalSection
	GlobalSection(ExtensibilityGlobals) = postSolution
		SolutionGuid = {074D26AC-3D60-466E-8D34-A5FF71C6A125}
	EndGlobalSection
EndGlobal
