
Microsoft Visual Studio Solution File, Format Version 12.00
# Visual Studio Version 17
VisualStudioVersion = 17.7.34031.279
MinimumVisualStudioVersion = 10.0.40219.1
Project("{FAE04EC0-301F-11D3-BF4B-00C04F79EFBC}") = "project_1", "project_1.csproj", "{EE235547-BF91-4919-93C4-B73D2DBB2961}"
EndProject
Global
	GlobalSection(SolutionConfigurationPlatforms) = preSolution
		Debug|Any CPU = Debug|Any CPU
		Release|Any CPU = Release|Any CPU
	EndGlobalSection
	GlobalSection(ProjectConfigurationPlatforms) = postSolution
		{EE235547-BF91-4919-93C4-B73D2DBB2961}.Debug|Any CPU.ActiveCfg = Debug|Any CPU
		{EE235547-BF91-4919-93C4-B73D2DBB2961}.Debug|Any CPU.Build.0 = Debug|Any CPU
		{EE235547-BF91-4919-93C4-B73D2DBB2961}.Release|Any CPU.ActiveCfg = Release|Any CPU
		{EE235547-BF91-4919-93C4-B73D2DBB2961}.Release|Any CPU.Build.0 = Release|Any CPU
	EndGlobalSection
	GlobalSection(SolutionProperties) = preSolution
		HideSolutionNode = FALSE
	EndGlobalSection
	GlobalSection(ExtensibilityGlobals) = postSolution
		SolutionGuid = {7B9929B8-6123-476D-B970-4851C4119F4B}
	EndGlobalSection
EndGlobal
