
Microsoft Visual Studio Solution File, Format Version 12.00
# Visual Studio Version 17
VisualStudioVersion = 17.8.34330.188
MinimumVisualStudioVersion = 10.0.40219.1
Project("{FAE04EC0-301F-11D3-BF4B-00C04F79EFBC}") = "9_1_slowniki", "9_1_slowniki.csproj", "{DF465EBC-95E6-40E9-9063-0621072A6E2E}"
EndProject
Global
	GlobalSection(SolutionConfigurationPlatforms) = preSolution
		Debug|Any CPU = Debug|Any CPU
		Release|Any CPU = Release|Any CPU
	EndGlobalSection
	GlobalSection(ProjectConfigurationPlatforms) = postSolution
		{DF465EBC-95E6-40E9-9063-0621072A6E2E}.Debug|Any CPU.ActiveCfg = Debug|Any CPU
		{DF465EBC-95E6-40E9-9063-0621072A6E2E}.Debug|Any CPU.Build.0 = Debug|Any CPU
		{DF465EBC-95E6-40E9-9063-0621072A6E2E}.Release|Any CPU.ActiveCfg = Release|Any CPU
		{DF465EBC-95E6-40E9-9063-0621072A6E2E}.Release|Any CPU.Build.0 = Release|Any CPU
	EndGlobalSection
	GlobalSection(SolutionProperties) = preSolution
		HideSolutionNode = FALSE
	EndGlobalSection
	GlobalSection(ExtensibilityGlobals) = postSolution
		SolutionGuid = {5ECAF95F-28AD-4017-8722-DC68BBB2A581}
	EndGlobalSection
EndGlobal
