
Microsoft Visual Studio Solution File, Format Version 12.00
# Visual Studio Version 17
VisualStudioVersion = 17.8.34511.84
MinimumVisualStudioVersion = 10.0.40219.1
Project("{FAE04EC0-301F-11D3-BF4B-00C04F79EFBC}") = "3_enum", "3_enum.csproj", "{CE6AFD6E-EBCF-417D-8F72-37543E5C11F5}"
EndProject
Global
	GlobalSection(SolutionConfigurationPlatforms) = preSolution
		Debug|Any CPU = Debug|Any CPU
		Release|Any CPU = Release|Any CPU
	EndGlobalSection
	GlobalSection(ProjectConfigurationPlatforms) = postSolution
		{CE6AFD6E-EBCF-417D-8F72-37543E5C11F5}.Debug|Any CPU.ActiveCfg = Debug|Any CPU
		{CE6AFD6E-EBCF-417D-8F72-37543E5C11F5}.Debug|Any CPU.Build.0 = Debug|Any CPU
		{CE6AFD6E-EBCF-417D-8F72-37543E5C11F5}.Release|Any CPU.ActiveCfg = Release|Any CPU
		{CE6AFD6E-EBCF-417D-8F72-37543E5C11F5}.Release|Any CPU.Build.0 = Release|Any CPU
	EndGlobalSection
	GlobalSection(SolutionProperties) = preSolution
		HideSolutionNode = FALSE
	EndGlobalSection
	GlobalSection(ExtensibilityGlobals) = postSolution
		SolutionGuid = {D901BEEF-7317-4A4A-B2CB-B94143E9C0EF}
	EndGlobalSection
EndGlobal
