
Microsoft Visual Studio Solution File, Format Version 12.00
# Visual Studio Version 17
VisualStudioVersion = 17.7.34031.279
MinimumVisualStudioVersion = 10.0.40219.1
Project("{FAE04EC0-301F-11D3-BF4B-00C04F79EFBC}") = "project_1", "project_1.csproj", "{D65ACF53-CFE5-4B54-A021-C6DBE54ABDBD}"
EndProject
Global
	GlobalSection(SolutionConfigurationPlatforms) = preSolution
		Debug|Any CPU = Debug|Any CPU
		Release|Any CPU = Release|Any CPU
	EndGlobalSection
	GlobalSection(ProjectConfigurationPlatforms) = postSolution
		{D65ACF53-CFE5-4B54-A021-C6DBE54ABDBD}.Debug|Any CPU.ActiveCfg = Debug|Any CPU
		{D65ACF53-CFE5-4B54-A021-C6DBE54ABDBD}.Debug|Any CPU.Build.0 = Debug|Any CPU
		{D65ACF53-CFE5-4B54-A021-C6DBE54ABDBD}.Release|Any CPU.ActiveCfg = Release|Any CPU
		{D65ACF53-CFE5-4B54-A021-C6DBE54ABDBD}.Release|Any CPU.Build.0 = Release|Any CPU
	EndGlobalSection
	GlobalSection(SolutionProperties) = preSolution
		HideSolutionNode = FALSE
	EndGlobalSection
	GlobalSection(ExtensibilityGlobals) = postSolution
		SolutionGuid = {B449CB53-735D-4976-A16B-8ED17186582B}
	EndGlobalSection
EndGlobal
