
Microsoft Visual Studio Solution File, Format Version 12.00
# Visual Studio Version 17
VisualStudioVersion = 17.8.34511.84
MinimumVisualStudioVersion = 10.0.40219.1
Project("{FAE04EC0-301F-11D3-BF4B-00C04F79EFBC}") = "4_delegaty", "4_delegaty.csproj", "{C9C1B49D-F802-42B0-9296-B95E6D9E5F03}"
EndProject
Global
	GlobalSection(SolutionConfigurationPlatforms) = preSolution
		Debug|Any CPU = Debug|Any CPU
		Release|Any CPU = Release|Any CPU
	EndGlobalSection
	GlobalSection(ProjectConfigurationPlatforms) = postSolution
		{C9C1B49D-F802-42B0-9296-B95E6D9E5F03}.Debug|Any CPU.ActiveCfg = Debug|Any CPU
		{C9C1B49D-F802-42B0-9296-B95E6D9E5F03}.Debug|Any CPU.Build.0 = Debug|Any CPU
		{C9C1B49D-F802-42B0-9296-B95E6D9E5F03}.Release|Any CPU.ActiveCfg = Release|Any CPU
		{C9C1B49D-F802-42B0-9296-B95E6D9E5F03}.Release|Any CPU.Build.0 = Release|Any CPU
	EndGlobalSection
	GlobalSection(SolutionProperties) = preSolution
		HideSolutionNode = FALSE
	EndGlobalSection
	GlobalSection(ExtensibilityGlobals) = postSolution
		SolutionGuid = {9CCA2BD1-0367-46D3-91EB-3E21EDD9B902}
	EndGlobalSection
EndGlobal
