
Microsoft Visual Studio Solution File, Format Version 12.00
# Visual Studio Version 17
VisualStudioVersion = 17.7.34031.279
MinimumVisualStudioVersion = 10.0.40219.1
Project("{FAE04EC0-301F-11D3-BF4B-00C04F79EFBC}") = "project_6", "project_6.csproj", "{E6BD4AF8-C756-469F-977A-0BFFF4994634}"
EndProject
Global
	GlobalSection(SolutionConfigurationPlatforms) = preSolution
		Debug|Any CPU = Debug|Any CPU
		Release|Any CPU = Release|Any CPU
	EndGlobalSection
	GlobalSection(ProjectConfigurationPlatforms) = postSolution
		{E6BD4AF8-C756-469F-977A-0BFFF4994634}.Debug|Any CPU.ActiveCfg = Debug|Any CPU
		{E6BD4AF8-C756-469F-977A-0BFFF4994634}.Debug|Any CPU.Build.0 = Debug|Any CPU
		{E6BD4AF8-C756-469F-977A-0BFFF4994634}.Release|Any CPU.ActiveCfg = Release|Any CPU
		{E6BD4AF8-C756-469F-977A-0BFFF4994634}.Release|Any CPU.Build.0 = Release|Any CPU
	EndGlobalSection
	GlobalSection(SolutionProperties) = preSolution
		HideSolutionNode = FALSE
	EndGlobalSection
	GlobalSection(ExtensibilityGlobals) = postSolution
		SolutionGuid = {3D63801C-F253-42DF-9214-B908B3AB3943}
	EndGlobalSection
EndGlobal
