
Microsoft Visual Studio Solution File, Format Version 12.00
# Visual Studio Version 17
VisualStudioVersion = 17.9.34622.214
MinimumVisualStudioVersion = 10.0.40219.1
Project("{FAE04EC0-301F-11D3-BF4B-00C04F79EFBC}") = "13_1_destruktory", "13_1_destruktory.csproj", "{BB949719-0699-4960-A1E6-87E303BCA5D1}"
EndProject
Global
	GlobalSection(SolutionConfigurationPlatforms) = preSolution
		Debug|Any CPU = Debug|Any CPU
		Release|Any CPU = Release|Any CPU
	EndGlobalSection
	GlobalSection(ProjectConfigurationPlatforms) = postSolution
		{BB949719-0699-4960-A1E6-87E303BCA5D1}.Debug|Any CPU.ActiveCfg = Debug|Any CPU
		{BB949719-0699-4960-A1E6-87E303BCA5D1}.Debug|Any CPU.Build.0 = Debug|Any CPU
		{BB949719-0699-4960-A1E6-87E303BCA5D1}.Release|Any CPU.ActiveCfg = Release|Any CPU
		{BB949719-0699-4960-A1E6-87E303BCA5D1}.Release|Any CPU.Build.0 = Release|Any CPU
	EndGlobalSection
	GlobalSection(SolutionProperties) = preSolution
		HideSolutionNode = FALSE
	EndGlobalSection
	GlobalSection(ExtensibilityGlobals) = postSolution
		SolutionGuid = {4350949C-1C15-4F7A-8204-7CDC10A32C5F}
	EndGlobalSection
EndGlobal
