
Microsoft Visual Studio Solution File, Format Version 12.00
# Visual Studio Version 17
VisualStudioVersion = 17.7.34031.279
MinimumVisualStudioVersion = 10.0.40219.1
Project("{FAE04EC0-301F-11D3-BF4B-00C04F79EFBC}") = "project_6_try_catch", "project_6_try_catch.csproj", "{F26C6002-75BE-4022-8DD8-F1E7A9AAF251}"
EndProject
Global
	GlobalSection(SolutionConfigurationPlatforms) = preSolution
		Debug|Any CPU = Debug|Any CPU
		Release|Any CPU = Release|Any CPU
	EndGlobalSection
	GlobalSection(ProjectConfigurationPlatforms) = postSolution
		{F26C6002-75BE-4022-8DD8-F1E7A9AAF251}.Debug|Any CPU.ActiveCfg = Debug|Any CPU
		{F26C6002-75BE-4022-8DD8-F1E7A9AAF251}.Debug|Any CPU.Build.0 = Debug|Any CPU
		{F26C6002-75BE-4022-8DD8-F1E7A9AAF251}.Release|Any CPU.ActiveCfg = Release|Any CPU
		{F26C6002-75BE-4022-8DD8-F1E7A9AAF251}.Release|Any CPU.Build.0 = Release|Any CPU
	EndGlobalSection
	GlobalSection(SolutionProperties) = preSolution
		HideSolutionNode = FALSE
	EndGlobalSection
	GlobalSection(ExtensibilityGlobals) = postSolution
		SolutionGuid = {E0268C08-DDCD-474B-9BC5-AAA811F3F77C}
	EndGlobalSection
EndGlobal
