
Microsoft Visual Studio Solution File, Format Version 12.00
# Visual Studio Version 17
VisualStudioVersion = 17.7.34031.279
MinimumVisualStudioVersion = 10.0.40219.1
Project("{FAE04EC0-301F-11D3-BF4B-00C04F79EFBC}") = "project_2", "project_2.csproj", "{D3198CCF-7D64-49D6-8746-58419450A7EC}"
EndProject
Global
	GlobalSection(SolutionConfigurationPlatforms) = preSolution
		Debug|Any CPU = Debug|Any CPU
		Release|Any CPU = Release|Any CPU
	EndGlobalSection
	GlobalSection(ProjectConfigurationPlatforms) = postSolution
		{D3198CCF-7D64-49D6-8746-58419450A7EC}.Debug|Any CPU.ActiveCfg = Debug|Any CPU
		{D3198CCF-7D64-49D6-8746-58419450A7EC}.Debug|Any CPU.Build.0 = Debug|Any CPU
		{D3198CCF-7D64-49D6-8746-58419450A7EC}.Release|Any CPU.ActiveCfg = Release|Any CPU
		{D3198CCF-7D64-49D6-8746-58419450A7EC}.Release|Any CPU.Build.0 = Release|Any CPU
	EndGlobalSection
	GlobalSection(SolutionProperties) = preSolution
		HideSolutionNode = FALSE
	EndGlobalSection
	GlobalSection(ExtensibilityGlobals) = postSolution
		SolutionGuid = {4A0DB414-6D0B-4ECB-84CB-05C1762448E6}
	EndGlobalSection
EndGlobal
