
Microsoft Visual Studio Solution File, Format Version 12.00
# Visual Studio Version 17
VisualStudioVersion = 17.9.34616.47
MinimumVisualStudioVersion = 10.0.40219.1
Project("{FAE04EC0-301F-11D3-BF4B-00C04F79EFBC}") = "11_1_konstruktory", "11_1_konstruktory.csproj", "{C3CEFF6F-6BA5-4D07-A7CA-4A5F95A51C6D}"
EndProject
Global
	GlobalSection(SolutionConfigurationPlatforms) = preSolution
		Debug|Any CPU = Debug|Any CPU
		Release|Any CPU = Release|Any CPU
	EndGlobalSection
	GlobalSection(ProjectConfigurationPlatforms) = postSolution
		{C3CEFF6F-6BA5-4D07-A7CA-4A5F95A51C6D}.Debug|Any CPU.ActiveCfg = Debug|Any CPU
		{C3CEFF6F-6BA5-4D07-A7CA-4A5F95A51C6D}.Debug|Any CPU.Build.0 = Debug|Any CPU
		{C3CEFF6F-6BA5-4D07-A7CA-4A5F95A51C6D}.Release|Any CPU.ActiveCfg = Release|Any CPU
		{C3CEFF6F-6BA5-4D07-A7CA-4A5F95A51C6D}.Release|Any CPU.Build.0 = Release|Any CPU
	EndGlobalSection
	GlobalSection(SolutionProperties) = preSolution
		HideSolutionNode = FALSE
	EndGlobalSection
	GlobalSection(ExtensibilityGlobals) = postSolution
		SolutionGuid = {36522998-32CC-4E3A-A6C1-0DD8DA222442}
	EndGlobalSection
EndGlobal
