
Microsoft Visual Studio Solution File, Format Version 12.00
# Visual Studio Version 17
VisualStudioVersion = 17.8.34525.116
MinimumVisualStudioVersion = 10.0.40219.1
Project("{FAE04EC0-301F-11D3-BF4B-00C04F79EFBC}") = "11_2_klasy", "11_2_klasy.csproj", "{43670BC2-7E42-449F-9961-1363FB91012A}"
EndProject
Global
	GlobalSection(SolutionConfigurationPlatforms) = preSolution
		Debug|Any CPU = Debug|Any CPU
		Release|Any CPU = Release|Any CPU
	EndGlobalSection
	GlobalSection(ProjectConfigurationPlatforms) = postSolution
		{43670BC2-7E42-449F-9961-1363FB91012A}.Debug|Any CPU.ActiveCfg = Debug|Any CPU
		{43670BC2-7E42-449F-9961-1363FB91012A}.Debug|Any CPU.Build.0 = Debug|Any CPU
		{43670BC2-7E42-449F-9961-1363FB91012A}.Release|Any CPU.ActiveCfg = Release|Any CPU
		{43670BC2-7E42-449F-9961-1363FB91012A}.Release|Any CPU.Build.0 = Release|Any CPU
	EndGlobalSection
	GlobalSection(SolutionProperties) = preSolution
		HideSolutionNode = FALSE
	EndGlobalSection
	GlobalSection(ExtensibilityGlobals) = postSolution
		SolutionGuid = {BF2868CA-9134-45C6-8234-097CD79EC795}
	EndGlobalSection
EndGlobal
