
Microsoft Visual Studio Solution File, Format Version 12.00
# Visual Studio Version 17
VisualStudioVersion = 17.8.34408.163
MinimumVisualStudioVersion = 10.0.40219.1
Project("{FAE04EC0-301F-11D3-BF4B-00C04F79EFBC}") = "4_1_delegaty", "4_1_delegaty.csproj", "{4EE79560-0739-4657-8699-6C6A375C0AF7}"
EndProject
Global
	GlobalSection(SolutionConfigurationPlatforms) = preSolution
		Debug|Any CPU = Debug|Any CPU
		Release|Any CPU = Release|Any CPU
	EndGlobalSection
	GlobalSection(ProjectConfigurationPlatforms) = postSolution
		{4EE79560-0739-4657-8699-6C6A375C0AF7}.Debug|Any CPU.ActiveCfg = Debug|Any CPU
		{4EE79560-0739-4657-8699-6C6A375C0AF7}.Debug|Any CPU.Build.0 = Debug|Any CPU
		{4EE79560-0739-4657-8699-6C6A375C0AF7}.Release|Any CPU.ActiveCfg = Release|Any CPU
		{4EE79560-0739-4657-8699-6C6A375C0AF7}.Release|Any CPU.Build.0 = Release|Any CPU
	EndGlobalSection
	GlobalSection(SolutionProperties) = preSolution
		HideSolutionNode = FALSE
	EndGlobalSection
	GlobalSection(ExtensibilityGlobals) = postSolution
		SolutionGuid = {DC2F1408-9BE8-46CD-92D3-7893DA8AF267}
	EndGlobalSection
EndGlobal
